
Microsoft Visual Studio Solution File, Format Version 12.00
# Visual Studio Version 16
VisualStudioVersion = 16.0.30104.148
MinimumVisualStudioVersion = 10.0.40219.1
Project("{FAE04EC0-301F-11D3-BF4B-00C04F79EFBC}") = "FUZ_Serv_Informaticos", "FUZ_Serv_Informaticos\FUZ_Serv_Informaticos.csproj", "{94E32963-E92B-4E35-AD2E-3996991AD0B9}"
EndProject
Global
	GlobalSection(SolutionConfigurationPlatforms) = preSolution
		Debug|Any CPU = Debug|Any CPU
		Release|Any CPU = Release|Any CPU
	EndGlobalSection
	GlobalSection(ProjectConfigurationPlatforms) = postSolution
		{94E32963-E92B-4E35-AD2E-3996991AD0B9}.Debug|Any CPU.ActiveCfg = Debug|Any CPU
		{94E32963-E92B-4E35-AD2E-3996991AD0B9}.Debug|Any CPU.Build.0 = Debug|Any CPU
		{94E32963-E92B-4E35-AD2E-3996991AD0B9}.Release|Any CPU.ActiveCfg = Release|Any CPU
		{94E32963-E92B-4E35-AD2E-3996991AD0B9}.Release|Any CPU.Build.0 = Release|Any CPU
	EndGlobalSection
	GlobalSection(SolutionProperties) = preSolution
		HideSolutionNode = FALSE
	EndGlobalSection
	GlobalSection(ExtensibilityGlobals) = postSolution
		SolutionGuid = {E7838FEA-D7F0-45FB-91AF-B5B36DA5E4AF}
	EndGlobalSection
EndGlobal
